
Microsoft Visual Studio Solution File, Format Version 12.00
# Visual Studio Version 17
VisualStudioVersion = 17.0.31919.166
MinimumVisualStudioVersion = 10.0.40219.1
Project("{9A19103F-16F7-4668-BE54-9A1E7A4F7556}") = "TestConnexionAD", "TestConnexionAD.csproj", "{EEFB287F-FB5D-4CC5-B286-3453BF2BE1E5}"
EndProject
Project("{FAE04EC0-301F-11D3-BF4B-00C04F79EFBC}") = "TestConnexionADTests", "..\TestConnexionADTests\TestConnexionADTests.csproj", "{D0A0541B-F5DF-404B-B5BF-10031DD8AA28}"
EndProject
Global
	GlobalSection(SolutionConfigurationPlatforms) = preSolution
		Debug|Any CPU = Debug|Any CPU
		Release|Any CPU = Release|Any CPU
	EndGlobalSection
	GlobalSection(ProjectConfigurationPlatforms) = postSolution
		{EEFB287F-FB5D-4CC5-B286-3453BF2BE1E5}.Debug|Any CPU.ActiveCfg = Debug|Any CPU
		{EEFB287F-FB5D-4CC5-B286-3453BF2BE1E5}.Debug|Any CPU.Build.0 = Debug|Any CPU
		{EEFB287F-FB5D-4CC5-B286-3453BF2BE1E5}.Release|Any CPU.ActiveCfg = Release|Any CPU
		{EEFB287F-FB5D-4CC5-B286-3453BF2BE1E5}.Release|Any CPU.Build.0 = Release|Any CPU
		{D0A0541B-F5DF-404B-B5BF-10031DD8AA28}.Debug|Any CPU.ActiveCfg = Debug|Any CPU
		{D0A0541B-F5DF-404B-B5BF-10031DD8AA28}.Debug|Any CPU.Build.0 = Debug|Any CPU
		{D0A0541B-F5DF-404B-B5BF-10031DD8AA28}.Release|Any CPU.ActiveCfg = Release|Any CPU
		{D0A0541B-F5DF-404B-B5BF-10031DD8AA28}.Release|Any CPU.Build.0 = Release|Any CPU
	EndGlobalSection
	GlobalSection(SolutionProperties) = preSolution
		HideSolutionNode = FALSE
	EndGlobalSection
	GlobalSection(ExtensibilityGlobals) = postSolution
		SolutionGuid = {81490569-AB25-4A83-82A0-716955D92E73}
	EndGlobalSection
EndGlobal
